
Microsoft Visual Studio Solution File, Format Version 12.00
# Visual Studio Version 16
VisualStudioVersion = 16.0.29123.89
MinimumVisualStudioVersion = 10.0.40219.1
Project("{8BC9CEB8-8B4A-11D0-8D11-00A0C91BC942}") = "dx12_buffers_learn", "dx12_buffers_learn.vcxproj", "{D68B9E01-BC6B-41F8-99EF-84F2172E4FE9}"
EndProject
Project("{8BC9CEB8-8B4A-11D0-8D11-00A0C91BC942}") = "math_graphics", "math_graphics\math_graphics\math_graphics.vcxproj", "{36D72366-F7F4-4F02-81B8-3F6DA85985D0}"
EndProject
Project("{8BC9CEB8-8B4A-11D0-8D11-00A0C91BC942}") = "pSound", "pSound\pSound.vcxproj", "{AB7D6198-E81E-4C41-8158-FE0BD1E05290}"
EndProject
Project("{8BC9CEB8-8B4A-11D0-8D11-00A0C91BC942}") = "testSnd", "testSnd\testSnd.vcxproj", "{D51D58E0-3161-4D73-A324-580F9E61EEE6}"
EndProject
Global
	GlobalSection(SolutionConfigurationPlatforms) = preSolution
		Debug|x64 = Debug|x64
		Debug|x86 = Debug|x86
		Release|x64 = Release|x64
		Release|x86 = Release|x86
	EndGlobalSection
	GlobalSection(ProjectConfigurationPlatforms) = postSolution
		{D68B9E01-BC6B-41F8-99EF-84F2172E4FE9}.Debug|x64.ActiveCfg = Debug|x64
		{D68B9E01-BC6B-41F8-99EF-84F2172E4FE9}.Debug|x64.Build.0 = Debug|x64
		{D68B9E01-BC6B-41F8-99EF-84F2172E4FE9}.Debug|x86.ActiveCfg = Debug|Win32
		{D68B9E01-BC6B-41F8-99EF-84F2172E4FE9}.Debug|x86.Build.0 = Debug|Win32
		{D68B9E01-BC6B-41F8-99EF-84F2172E4FE9}.Release|x64.ActiveCfg = Release|x64
		{D68B9E01-BC6B-41F8-99EF-84F2172E4FE9}.Release|x64.Build.0 = Release|x64
		{D68B9E01-BC6B-41F8-99EF-84F2172E4FE9}.Release|x86.ActiveCfg = Release|Win32
		{D68B9E01-BC6B-41F8-99EF-84F2172E4FE9}.Release|x86.Build.0 = Release|Win32
		{36D72366-F7F4-4F02-81B8-3F6DA85985D0}.Debug|x64.ActiveCfg = Debug|x64
		{36D72366-F7F4-4F02-81B8-3F6DA85985D0}.Debug|x64.Build.0 = Debug|x64
		{36D72366-F7F4-4F02-81B8-3F6DA85985D0}.Debug|x86.ActiveCfg = Debug|Win32
		{36D72366-F7F4-4F02-81B8-3F6DA85985D0}.Debug|x86.Build.0 = Debug|Win32
		{36D72366-F7F4-4F02-81B8-3F6DA85985D0}.Release|x64.ActiveCfg = Release|x64
		{36D72366-F7F4-4F02-81B8-3F6DA85985D0}.Release|x64.Build.0 = Release|x64
		{36D72366-F7F4-4F02-81B8-3F6DA85985D0}.Release|x86.ActiveCfg = Release|Win32
		{36D72366-F7F4-4F02-81B8-3F6DA85985D0}.Release|x86.Build.0 = Release|Win32
		{AB7D6198-E81E-4C41-8158-FE0BD1E05290}.Debug|x64.ActiveCfg = Debug|x64
		{AB7D6198-E81E-4C41-8158-FE0BD1E05290}.Debug|x64.Build.0 = Debug|x64
		{AB7D6198-E81E-4C41-8158-FE0BD1E05290}.Debug|x86.ActiveCfg = Debug|Win32
		{AB7D6198-E81E-4C41-8158-FE0BD1E05290}.Debug|x86.Build.0 = Debug|Win32
		{AB7D6198-E81E-4C41-8158-FE0BD1E05290}.Release|x64.ActiveCfg = Release|x64
		{AB7D6198-E81E-4C41-8158-FE0BD1E05290}.Release|x64.Build.0 = Release|x64
		{AB7D6198-E81E-4C41-8158-FE0BD1E05290}.Release|x86.ActiveCfg = Release|Win32
		{AB7D6198-E81E-4C41-8158-FE0BD1E05290}.Release|x86.Build.0 = Release|Win32
		{D51D58E0-3161-4D73-A324-580F9E61EEE6}.Debug|x64.ActiveCfg = Debug|x64
		{D51D58E0-3161-4D73-A324-580F9E61EEE6}.Debug|x64.Build.0 = Debug|x64
		{D51D58E0-3161-4D73-A324-580F9E61EEE6}.Debug|x86.ActiveCfg = Debug|Win32
		{D51D58E0-3161-4D73-A324-580F9E61EEE6}.Debug|x86.Build.0 = Debug|Win32
		{D51D58E0-3161-4D73-A324-580F9E61EEE6}.Release|x64.ActiveCfg = Release|x64
		{D51D58E0-3161-4D73-A324-580F9E61EEE6}.Release|x64.Build.0 = Release|x64
		{D51D58E0-3161-4D73-A324-580F9E61EEE6}.Release|x86.ActiveCfg = Release|Win32
		{D51D58E0-3161-4D73-A324-580F9E61EEE6}.Release|x86.Build.0 = Release|Win32
	EndGlobalSection
	GlobalSection(SolutionProperties) = preSolution
		HideSolutionNode = FALSE
	EndGlobalSection
	GlobalSection(ExtensibilityGlobals) = postSolution
		SolutionGuid = {6B623BCA-CB24-4298-8AE0-BD3D2578F21C}
	EndGlobalSection
EndGlobal
